
Microsoft Visual Studio Solution File, Format Version 12.00
# Visual Studio Version 16
VisualStudioVersion = 16.0.29001.49
MinimumVisualStudioVersion = 10.0.40219.1
Project("{FAE04EC0-301F-11D3-BF4B-00C04F79EFBC}") = "TTPackageClass", "TTPackageClass.csproj", "{CE60B73B-7280-4E34-9C79-B1DA6B9EE532}"
EndProject
Global
	GlobalSection(SolutionConfigurationPlatforms) = preSolution
		Debug|Any CPU = Debug|Any CPU
		Release|Any CPU = Release|Any CPU
	EndGlobalSection
	GlobalSection(ProjectConfigurationPlatforms) = postSolution
		{CE60B73B-7280-4E34-9C79-B1DA6B9EE532}.Debug|Any CPU.ActiveCfg = Debug|Any CPU
		{CE60B73B-7280-4E34-9C79-B1DA6B9EE532}.Debug|Any CPU.Build.0 = Debug|Any CPU
		{CE60B73B-7280-4E34-9C79-B1DA6B9EE532}.Release|Any CPU.ActiveCfg = Release|Any CPU
		{CE60B73B-7280-4E34-9C79-B1DA6B9EE532}.Release|Any CPU.Build.0 = Release|Any CPU
	EndGlobalSection
	GlobalSection(SolutionProperties) = preSolution
		HideSolutionNode = FALSE
	EndGlobalSection
	GlobalSection(ExtensibilityGlobals) = postSolution
		SolutionGuid = {46466043-EC15-4756-956E-3B67A0A9FA37}
	EndGlobalSection
EndGlobal
